
Microsoft Visual Studio Solution File, Format Version 12.00
# Visual Studio Version 16
VisualStudioVersion = 16.0.31829.152
MinimumVisualStudioVersion = 10.0.40219.1
Project("{FAE04EC0-301F-11D3-BF4B-00C04F79EFBC}") = "Ekarnibabai", "WpfApp1\Ekarnibabai.csproj", "{52B7FBF3-A153-408A-9F28-31DC07F4AA83}"
EndProject
Global
	GlobalSection(SolutionConfigurationPlatforms) = preSolution
		Debug|Any CPU = Debug|Any CPU
		Release|Any CPU = Release|Any CPU
	EndGlobalSection
	GlobalSection(ProjectConfigurationPlatforms) = postSolution
		{52B7FBF3-A153-408A-9F28-31DC07F4AA83}.Debug|Any CPU.ActiveCfg = Debug|Any CPU
		{52B7FBF3-A153-408A-9F28-31DC07F4AA83}.Debug|Any CPU.Build.0 = Debug|Any CPU
		{52B7FBF3-A153-408A-9F28-31DC07F4AA83}.Release|Any CPU.ActiveCfg = Release|Any CPU
		{52B7FBF3-A153-408A-9F28-31DC07F4AA83}.Release|Any CPU.Build.0 = Release|Any CPU
	EndGlobalSection
	GlobalSection(SolutionProperties) = preSolution
		HideSolutionNode = FALSE
	EndGlobalSection
	GlobalSection(ExtensibilityGlobals) = postSolution
		SolutionGuid = {47FCE676-498A-44B9-BF54-C4DC549C6E6B}
	EndGlobalSection
EndGlobal
